
Microsoft Visual Studio Solution File, Format Version 12.00
# Visual Studio Version 17
VisualStudioVersion = 17.1.32328.378
MinimumVisualStudioVersion = 10.0.40219.1
Project("{FAE04EC0-301F-11D3-BF4B-00C04F79EFBC}") = "Matrix", "Matrix\Matrix.csproj", "{EEFAF6A7-2263-486F-A558-693DB27B2696}"
EndProject
Global
	GlobalSection(SolutionConfigurationPlatforms) = preSolution
		Debug|Any CPU = Debug|Any CPU
		Release|Any CPU = Release|Any CPU
	EndGlobalSection
	GlobalSection(ProjectConfigurationPlatforms) = postSolution
		{EEFAF6A7-2263-486F-A558-693DB27B2696}.Debug|Any CPU.ActiveCfg = Debug|Any CPU
		{EEFAF6A7-2263-486F-A558-693DB27B2696}.Debug|Any CPU.Build.0 = Debug|Any CPU
		{EEFAF6A7-2263-486F-A558-693DB27B2696}.Release|Any CPU.ActiveCfg = Release|Any CPU
		{EEFAF6A7-2263-486F-A558-693DB27B2696}.Release|Any CPU.Build.0 = Release|Any CPU
	EndGlobalSection
	GlobalSection(SolutionProperties) = preSolution
		HideSolutionNode = FALSE
	EndGlobalSection
	GlobalSection(ExtensibilityGlobals) = postSolution
		SolutionGuid = {17C8408C-6E81-4BAC-A371-D9B3D9C4E517}
	EndGlobalSection
EndGlobal
