
Microsoft Visual Studio Solution File, Format Version 12.00
# Visual Studio Version 17
VisualStudioVersion = 17.1.32328.378
MinimumVisualStudioVersion = 10.0.40219.1
Project("{9A19103F-16F7-4668-BE54-9A1E7A4F7556}") = "Matrix", "Matrix\Matrix.csproj", "{EEFAF6A7-2263-486F-A558-693DB27B2696}"
EndProject
Project("{FAE04EC0-301F-11D3-BF4B-00C04F79EFBC}") = "MatrixGeneric", "MatrixGeneric\MatrixGeneric.csproj", "{CA13656C-638F-4A5F-AEA6-7410369E3B5F}"
EndProject
Project("{FAE04EC0-301F-11D3-BF4B-00C04F79EFBC}") = "Tested", "Tested\Tested.csproj", "{A6712D87-B652-4186-B296-62A08B17A996}"
EndProject
Global
	GlobalSection(SolutionConfigurationPlatforms) = preSolution
		Debug|Any CPU = Debug|Any CPU
		Release|Any CPU = Release|Any CPU
	EndGlobalSection
	GlobalSection(ProjectConfigurationPlatforms) = postSolution
		{EEFAF6A7-2263-486F-A558-693DB27B2696}.Debug|Any CPU.ActiveCfg = Debug|Any CPU
		{EEFAF6A7-2263-486F-A558-693DB27B2696}.Debug|Any CPU.Build.0 = Debug|Any CPU
		{EEFAF6A7-2263-486F-A558-693DB27B2696}.Release|Any CPU.ActiveCfg = Release|Any CPU
		{EEFAF6A7-2263-486F-A558-693DB27B2696}.Release|Any CPU.Build.0 = Release|Any CPU
		{CA13656C-638F-4A5F-AEA6-7410369E3B5F}.Debug|Any CPU.ActiveCfg = Debug|Any CPU
		{CA13656C-638F-4A5F-AEA6-7410369E3B5F}.Debug|Any CPU.Build.0 = Debug|Any CPU
		{CA13656C-638F-4A5F-AEA6-7410369E3B5F}.Release|Any CPU.ActiveCfg = Release|Any CPU
		{CA13656C-638F-4A5F-AEA6-7410369E3B5F}.Release|Any CPU.Build.0 = Release|Any CPU
		{A6712D87-B652-4186-B296-62A08B17A996}.Debug|Any CPU.ActiveCfg = Debug|Any CPU
		{A6712D87-B652-4186-B296-62A08B17A996}.Debug|Any CPU.Build.0 = Debug|Any CPU
		{A6712D87-B652-4186-B296-62A08B17A996}.Release|Any CPU.ActiveCfg = Release|Any CPU
		{A6712D87-B652-4186-B296-62A08B17A996}.Release|Any CPU.Build.0 = Release|Any CPU
	EndGlobalSection
	GlobalSection(SolutionProperties) = preSolution
		HideSolutionNode = FALSE
	EndGlobalSection
	GlobalSection(ExtensibilityGlobals) = postSolution
		SolutionGuid = {17C8408C-6E81-4BAC-A371-D9B3D9C4E517}
	EndGlobalSection
EndGlobal
